
Microsoft Visual Studio Solution File, Format Version 12.00
# Visual Studio 15
VisualStudioVersion = 15.0.26430.12
MinimumVisualStudioVersion = 10.0.40219.1
Project("{FAE04EC0-301F-11D3-BF4B-00C04F79EFBC}") = "BnBKnapsack", "BnBKnapsack\BnBKnapsack.csproj", "{43A5159D-C7ED-4DC5-94A8-4EF92EAA7FE4}"
EndProject
Project("{FAE04EC0-301F-11D3-BF4B-00C04F79EFBC}") = "PatternMatchingBF", "PatternMatchingBF\PatternMatchingBF.csproj", "{3ADEAD36-0E20-4BD6-B66E-5FA85EFECD77}"
EndProject
Project("{FAE04EC0-301F-11D3-BF4B-00C04F79EFBC}") = "BoyerMoorePM", "BoyerMoorePM\BoyerMoorePM.csproj", "{50CAC54A-0B79-4BDB-8CEB-672E7A78AD49}"
EndProject
Project("{FAE04EC0-301F-11D3-BF4B-00C04F79EFBC}") = "KMP", "KMP\KMP.csproj", "{24BC97CF-178D-4434-87FE-D527D54D5633}"
EndProject
Project("{FAE04EC0-301F-11D3-BF4B-00C04F79EFBC}") = "BinarySearch", "BinarySearch\BinarySearch.csproj", "{5CC270D5-BD7A-48B3-9DF2-1ED5A3720B9E}"
EndProject
Project("{FAE04EC0-301F-11D3-BF4B-00C04F79EFBC}") = "MergeSort", "MergeSort\MergeSort.csproj", "{7803C749-E062-40DC-A28A-BF704E4D877D}"
EndProject
Project("{FAE04EC0-301F-11D3-BF4B-00C04F79EFBC}") = "QuickSort", "QuickSort\QuickSort.csproj", "{A940AB84-7FB2-452C-A53D-49B20F86A509}"
EndProject
Project("{FAE04EC0-301F-11D3-BF4B-00C04F79EFBC}") = "Dijkstra", "Dijkstra\Dijkstra.csproj", "{FE6C0BB2-841D-40F8-BD1B-9592E3E73200}"
EndProject
Project("{FAE04EC0-301F-11D3-BF4B-00C04F79EFBC}") = "Prims", "Prims\Prims.csproj", "{E531A8F4-D67D-4B44-A013-3B704E7EF617}"
EndProject
Project("{FAE04EC0-301F-11D3-BF4B-00C04F79EFBC}") = "Krushkal", "Krushkal\Krushkal.csproj", "{ED3DA179-3C2B-4C07-A34F-3751BEA47ACB}"
EndProject
Project("{FAE04EC0-301F-11D3-BF4B-00C04F79EFBC}") = "Backtracking", "Backtracking\Backtracking.csproj", "{E99770DB-E2B9-4C22-885A-0030071358FB}"
EndProject
Project("{FAE04EC0-301F-11D3-BF4B-00C04F79EFBC}") = "Factorial", "Factorial\Factorial.csproj", "{5644AE8D-7B62-4B80-93DA-72ADDA5A4C81}"
EndProject
Project("{FAE04EC0-301F-11D3-BF4B-00C04F79EFBC}") = "GraphColoring", "GraphColoring\GraphColoring.csproj", "{0478A887-DEA2-4ECE-B224-6E8151CA6DB2}"
EndProject
Global
	GlobalSection(SolutionConfigurationPlatforms) = preSolution
		Debug|Any CPU = Debug|Any CPU
		Release|Any CPU = Release|Any CPU
	EndGlobalSection
	GlobalSection(ProjectConfigurationPlatforms) = postSolution
		{43A5159D-C7ED-4DC5-94A8-4EF92EAA7FE4}.Debug|Any CPU.ActiveCfg = Debug|Any CPU
		{43A5159D-C7ED-4DC5-94A8-4EF92EAA7FE4}.Debug|Any CPU.Build.0 = Debug|Any CPU
		{43A5159D-C7ED-4DC5-94A8-4EF92EAA7FE4}.Release|Any CPU.ActiveCfg = Release|Any CPU
		{43A5159D-C7ED-4DC5-94A8-4EF92EAA7FE4}.Release|Any CPU.Build.0 = Release|Any CPU
		{3ADEAD36-0E20-4BD6-B66E-5FA85EFECD77}.Debug|Any CPU.ActiveCfg = Debug|Any CPU
		{3ADEAD36-0E20-4BD6-B66E-5FA85EFECD77}.Debug|Any CPU.Build.0 = Debug|Any CPU
		{3ADEAD36-0E20-4BD6-B66E-5FA85EFECD77}.Release|Any CPU.ActiveCfg = Release|Any CPU
		{3ADEAD36-0E20-4BD6-B66E-5FA85EFECD77}.Release|Any CPU.Build.0 = Release|Any CPU
		{50CAC54A-0B79-4BDB-8CEB-672E7A78AD49}.Debug|Any CPU.ActiveCfg = Debug|Any CPU
		{50CAC54A-0B79-4BDB-8CEB-672E7A78AD49}.Debug|Any CPU.Build.0 = Debug|Any CPU
		{50CAC54A-0B79-4BDB-8CEB-672E7A78AD49}.Release|Any CPU.ActiveCfg = Release|Any CPU
		{50CAC54A-0B79-4BDB-8CEB-672E7A78AD49}.Release|Any CPU.Build.0 = Release|Any CPU
		{24BC97CF-178D-4434-87FE-D527D54D5633}.Debug|Any CPU.ActiveCfg = Debug|Any CPU
		{24BC97CF-178D-4434-87FE-D527D54D5633}.Debug|Any CPU.Build.0 = Debug|Any CPU
		{24BC97CF-178D-4434-87FE-D527D54D5633}.Release|Any CPU.ActiveCfg = Release|Any CPU
		{24BC97CF-178D-4434-87FE-D527D54D5633}.Release|Any CPU.Build.0 = Release|Any CPU
		{5CC270D5-BD7A-48B3-9DF2-1ED5A3720B9E}.Debug|Any CPU.ActiveCfg = Debug|Any CPU
		{5CC270D5-BD7A-48B3-9DF2-1ED5A3720B9E}.Debug|Any CPU.Build.0 = Debug|Any CPU
		{5CC270D5-BD7A-48B3-9DF2-1ED5A3720B9E}.Release|Any CPU.ActiveCfg = Release|Any CPU
		{5CC270D5-BD7A-48B3-9DF2-1ED5A3720B9E}.Release|Any CPU.Build.0 = Release|Any CPU
		{7803C749-E062-40DC-A28A-BF704E4D877D}.Debug|Any CPU.ActiveCfg = Debug|Any CPU
		{7803C749-E062-40DC-A28A-BF704E4D877D}.Debug|Any CPU.Build.0 = Debug|Any CPU
		{7803C749-E062-40DC-A28A-BF704E4D877D}.Release|Any CPU.ActiveCfg = Release|Any CPU
		{7803C749-E062-40DC-A28A-BF704E4D877D}.Release|Any CPU.Build.0 = Release|Any CPU
		{A940AB84-7FB2-452C-A53D-49B20F86A509}.Debug|Any CPU.ActiveCfg = Debug|Any CPU
		{A940AB84-7FB2-452C-A53D-49B20F86A509}.Debug|Any CPU.Build.0 = Debug|Any CPU
		{A940AB84-7FB2-452C-A53D-49B20F86A509}.Release|Any CPU.ActiveCfg = Release|Any CPU
		{A940AB84-7FB2-452C-A53D-49B20F86A509}.Release|Any CPU.Build.0 = Release|Any CPU
		{FE6C0BB2-841D-40F8-BD1B-9592E3E73200}.Debug|Any CPU.ActiveCfg = Debug|Any CPU
		{FE6C0BB2-841D-40F8-BD1B-9592E3E73200}.Debug|Any CPU.Build.0 = Debug|Any CPU
		{FE6C0BB2-841D-40F8-BD1B-9592E3E73200}.Release|Any CPU.ActiveCfg = Release|Any CPU
		{FE6C0BB2-841D-40F8-BD1B-9592E3E73200}.Release|Any CPU.Build.0 = Release|Any CPU
		{E531A8F4-D67D-4B44-A013-3B704E7EF617}.Debug|Any CPU.ActiveCfg = Debug|Any CPU
		{E531A8F4-D67D-4B44-A013-3B704E7EF617}.Debug|Any CPU.Build.0 = Debug|Any CPU
		{E531A8F4-D67D-4B44-A013-3B704E7EF617}.Release|Any CPU.ActiveCfg = Release|Any CPU
		{E531A8F4-D67D-4B44-A013-3B704E7EF617}.Release|Any CPU.Build.0 = Release|Any CPU
		{ED3DA179-3C2B-4C07-A34F-3751BEA47ACB}.Debug|Any CPU.ActiveCfg = Debug|Any CPU
		{ED3DA179-3C2B-4C07-A34F-3751BEA47ACB}.Debug|Any CPU.Build.0 = Debug|Any CPU
		{ED3DA179-3C2B-4C07-A34F-3751BEA47ACB}.Release|Any CPU.ActiveCfg = Release|Any CPU
		{ED3DA179-3C2B-4C07-A34F-3751BEA47ACB}.Release|Any CPU.Build.0 = Release|Any CPU
		{E99770DB-E2B9-4C22-885A-0030071358FB}.Debug|Any CPU.ActiveCfg = Debug|Any CPU
		{E99770DB-E2B9-4C22-885A-0030071358FB}.Debug|Any CPU.Build.0 = Debug|Any CPU
		{E99770DB-E2B9-4C22-885A-0030071358FB}.Release|Any CPU.ActiveCfg = Release|Any CPU
		{E99770DB-E2B9-4C22-885A-0030071358FB}.Release|Any CPU.Build.0 = Release|Any CPU
		{5644AE8D-7B62-4B80-93DA-72ADDA5A4C81}.Debug|Any CPU.ActiveCfg = Debug|Any CPU
		{5644AE8D-7B62-4B80-93DA-72ADDA5A4C81}.Debug|Any CPU.Build.0 = Debug|Any CPU
		{5644AE8D-7B62-4B80-93DA-72ADDA5A4C81}.Release|Any CPU.ActiveCfg = Release|Any CPU
		{5644AE8D-7B62-4B80-93DA-72ADDA5A4C81}.Release|Any CPU.Build.0 = Release|Any CPU
		{0478A887-DEA2-4ECE-B224-6E8151CA6DB2}.Debug|Any CPU.ActiveCfg = Debug|Any CPU
		{0478A887-DEA2-4ECE-B224-6E8151CA6DB2}.Debug|Any CPU.Build.0 = Debug|Any CPU
		{0478A887-DEA2-4ECE-B224-6E8151CA6DB2}.Release|Any CPU.ActiveCfg = Release|Any CPU
		{0478A887-DEA2-4ECE-B224-6E8151CA6DB2}.Release|Any CPU.Build.0 = Release|Any CPU
	EndGlobalSection
	GlobalSection(SolutionProperties) = preSolution
		HideSolutionNode = FALSE
	EndGlobalSection
EndGlobal
